
Microsoft Visual Studio Solution File, Format Version 12.00
# Visual Studio Version 17
VisualStudioVersion = 17.3.32929.385
MinimumVisualStudioVersion = 10.0.40219.1
Project("{FAE04EC0-301F-11D3-BF4B-00C04F79EFBC}") = "OOP Úkol  7", "OOP Úkol  7\OOP Úkol  7.csproj", "{5EE97BB1-0BAF-4D3E-985A-E11126A28595}"
EndProject
Global
	GlobalSection(SolutionConfigurationPlatforms) = preSolution
		Debug|Any CPU = Debug|Any CPU
		Release|Any CPU = Release|Any CPU
	EndGlobalSection
	GlobalSection(ProjectConfigurationPlatforms) = postSolution
		{5EE97BB1-0BAF-4D3E-985A-E11126A28595}.Debug|Any CPU.ActiveCfg = Debug|Any CPU
		{5EE97BB1-0BAF-4D3E-985A-E11126A28595}.Debug|Any CPU.Build.0 = Debug|Any CPU
		{5EE97BB1-0BAF-4D3E-985A-E11126A28595}.Release|Any CPU.ActiveCfg = Release|Any CPU
		{5EE97BB1-0BAF-4D3E-985A-E11126A28595}.Release|Any CPU.Build.0 = Release|Any CPU
	EndGlobalSection
	GlobalSection(SolutionProperties) = preSolution
		HideSolutionNode = FALSE
	EndGlobalSection
	GlobalSection(ExtensibilityGlobals) = postSolution
		SolutionGuid = {C69CB59E-2837-4804-B57E-5888BDB2A0B8}
	EndGlobalSection
EndGlobal
